
Microsoft Visual Studio Solution File, Format Version 12.00
# Visual Studio 15
Project("{FAE04EC0-301F-11D3-BF4B-00C04F79EFBC}") = "Assembly-CSharp", "Assembly-CSharp.csproj", "{FBF9CA26-8C4A-2FAE-993F-042624B28C3E}"
EndProject
Global
	GlobalSection(SolutionConfigurationPlatforms) = preSolution
		Debug|Any CPU = Debug|Any CPU
		Release|Any CPU = Release|Any CPU
	EndGlobalSection
	GlobalSection(ProjectConfigurationPlatforms) = postSolution
		{FBF9CA26-8C4A-2FAE-993F-042624B28C3E}.Debug|Any CPU.ActiveCfg = Debug|Any CPU
		{FBF9CA26-8C4A-2FAE-993F-042624B28C3E}.Debug|Any CPU.Build.0 = Debug|Any CPU
		{FBF9CA26-8C4A-2FAE-993F-042624B28C3E}.Release|Any CPU.ActiveCfg = Release|Any CPU
		{FBF9CA26-8C4A-2FAE-993F-042624B28C3E}.Release|Any CPU.Build.0 = Release|Any CPU
	EndGlobalSection
	GlobalSection(SolutionProperties) = preSolution
		HideSolutionNode = FALSE
	EndGlobalSection
EndGlobal
